
Microsoft Visual Studio Solution File, Format Version 12.00
# Visual Studio Version 16
VisualStudioVersion = 16.0.32802.440
MinimumVisualStudioVersion = 10.0.40219.1
Project("{FAE04EC0-301F-11D3-BF4B-00C04F79EFBC}") = "Project to my CV", "Project to my CV\Project to my CV.csproj", "{4CC767BF-D0FF-4BA5-B0AF-8E37CE2F9685}"
EndProject
Global
	GlobalSection(SolutionConfigurationPlatforms) = preSolution
		Debug|Any CPU = Debug|Any CPU
		Release|Any CPU = Release|Any CPU
	EndGlobalSection
	GlobalSection(ProjectConfigurationPlatforms) = postSolution
		{4CC767BF-D0FF-4BA5-B0AF-8E37CE2F9685}.Debug|Any CPU.ActiveCfg = Debug|Any CPU
		{4CC767BF-D0FF-4BA5-B0AF-8E37CE2F9685}.Debug|Any CPU.Build.0 = Debug|Any CPU
		{4CC767BF-D0FF-4BA5-B0AF-8E37CE2F9685}.Release|Any CPU.ActiveCfg = Release|Any CPU
		{4CC767BF-D0FF-4BA5-B0AF-8E37CE2F9685}.Release|Any CPU.Build.0 = Release|Any CPU
	EndGlobalSection
	GlobalSection(SolutionProperties) = preSolution
		HideSolutionNode = FALSE
	EndGlobalSection
	GlobalSection(ExtensibilityGlobals) = postSolution
		SolutionGuid = {DAA466B9-AF92-4075-9762-739F8EA050C6}
	EndGlobalSection
EndGlobal
